
Microsoft Visual Studio Solution File, Format Version 12.00
# Visual Studio Version 17
VisualStudioVersion = 17.14.36408.4
MinimumVisualStudioVersion = 10.0.40219.1
Project("{8BC9CEB8-8B4A-11D0-8D11-00A0C91BC942}") = "meteor-server", "meteor\meteor.vcxproj", "{49A822E2-A9EF-4C36-8479-BAF939599BAE}"
	ProjectSection(ProjectDependencies) = postProject
		{748CA9F7-20B0-4F92-A089-00B3D78857C8} = {748CA9F7-20B0-4F92-A089-00B3D78857C8}
	EndProjectSection
EndProject
Project("{8BC9CEB8-8B4A-11D0-8D11-00A0C91BC942}") = "meteor-client", "meteor-client\meteor-client.vcxproj", "{26903A35-76A6-4C55-A57B-7DCD3B2C2968}"
	ProjectSection(ProjectDependencies) = postProject
		{748CA9F7-20B0-4F92-A089-00B3D78857C8} = {748CA9F7-20B0-4F92-A089-00B3D78857C8}
	EndProjectSection
EndProject
Project("{8BC9CEB8-8B4A-11D0-8D11-00A0C91BC942}") = "meteor-shared", "meteor-shared\meteor-shared.vcxproj", "{748CA9F7-20B0-4F92-A089-00B3D78857C8}"
EndProject
Global
	GlobalSection(SolutionConfigurationPlatforms) = preSolution
		Debug|x64 = Debug|x64
		Release|x64 = Release|x64
	EndGlobalSection
	GlobalSection(ProjectConfigurationPlatforms) = postSolution
		{49A822E2-A9EF-4C36-8479-BAF939599BAE}.Debug|x64.ActiveCfg = Debug|x64
		{49A822E2-A9EF-4C36-8479-BAF939599BAE}.Debug|x64.Build.0 = Debug|x64
		{49A822E2-A9EF-4C36-8479-BAF939599BAE}.Release|x64.ActiveCfg = Release|x64
		{49A822E2-A9EF-4C36-8479-BAF939599BAE}.Release|x64.Build.0 = Release|x64
		{26903A35-76A6-4C55-A57B-7DCD3B2C2968}.Debug|x64.ActiveCfg = Debug|x64
		{26903A35-76A6-4C55-A57B-7DCD3B2C2968}.Debug|x64.Build.0 = Debug|x64
		{26903A35-76A6-4C55-A57B-7DCD3B2C2968}.Release|x64.ActiveCfg = Release|x64
		{26903A35-76A6-4C55-A57B-7DCD3B2C2968}.Release|x64.Build.0 = Release|x64
		{748CA9F7-20B0-4F92-A089-00B3D78857C8}.Debug|x64.ActiveCfg = Debug|x64
		{748CA9F7-20B0-4F92-A089-00B3D78857C8}.Debug|x64.Build.0 = Debug|x64
		{748CA9F7-20B0-4F92-A089-00B3D78857C8}.Release|x64.ActiveCfg = Release|x64
		{748CA9F7-20B0-4F92-A089-00B3D78857C8}.Release|x64.Build.0 = Release|x64
	EndGlobalSection
	GlobalSection(SolutionProperties) = preSolution
		HideSolutionNode = FALSE
	EndGlobalSection
	GlobalSection(ExtensibilityGlobals) = postSolution
		SolutionGuid = {DF565F7B-843F-43A6-A6BC-7822D0EC9DE8}
	EndGlobalSection
EndGlobal
