<?xml version="1.0" encoding="utf-8"?>
<Project ToolsVersion="4.0" xmlns="http://schemas.microsoft.com/developer/msbuild/2003">
  <ItemGroup>
    <Filter Include="Source Files">
      <UniqueIdentifier>{4FC737F1-C7A5-4376-A066-2A32D752A2FF}</UniqueIdentifier>
      <Extensions>cpp;c;cc;cxx;c++;cppm;ixx;def;odl;idl;hpj;bat;asm;asmx</Extensions>
    </Filter>
    <Filter Include="Header Files">
      <UniqueIdentifier>{93995380-89BD-4b04-88EB-625FBE52EBFB}</UniqueIdentifier>
      <Extensions>h;hh;hpp;hxx;h++;hm;inl;inc;ipp;xsd</Extensions>
    </Filter>
    <Filter Include="Resource Files">
      <UniqueIdentifier>{67DA6AB6-F800-4c08-8B7A-83BB121AAD01}</UniqueIdentifier>
      <Extensions>rc;ico;cur;bmp;dlg;rc2;rct;bin;rgs;gif;jpg;jpeg;jpe;resx;tiff;tif;png;wav;mfcribbon-ms</Extensions>
    </Filter>
  </ItemGroup>
  <ItemGroup>
    <ClInclude Include="include\application.h">
      <Filter>Header Files</Filter>
    </ClInclude>
    <ClInclude Include="include\connection.h">
      <Filter>Header Files</Filter>
    </ClInclude>
    <ClInclude Include="include\constants_shared.h">
      <Filter>Header Files</Filter>
    </ClInclude>
    <ClInclude Include="include\messages.h">
      <Filter>Header Files</Filter>
    </ClInclude>
    <ClInclude Include="include\network.h">
      <Filter>Header Files</Filter>
    </ClInclude>
    <ClInclude Include="include\network_layer.h">
      <Filter>Header Files</Filter>
    </ClInclude>
    <ClInclude Include="include\protocol.h">
      <Filter>Header Files</Filter>
    </ClInclude>
    <ClInclude Include="include\timer.h">
      <Filter>Header Files</Filter>
    </ClInclude>
    <ClInclude Include="include\timeManager.h">
      <Filter>Header Files</Filter>
    </ClInclude>
    <ClInclude Include="include\gameObject.h">
      <Filter>Header Files</Filter>
    </ClInclude>
    <ClInclude Include="include\core.h">
      <Filter>Header Files</Filter>
    </ClInclude>
    <ClInclude Include="include\game.h">
      <Filter>Header Files</Filter>
    </ClInclude>
    <ClInclude Include="include\entity.h">
      <Filter>Header Files</Filter>
    </ClInclude>
    <ClInclude Include="include\utility.h">
      <Filter>Header Files</Filter>
    </ClInclude>
    <ClInclude Include="include\inputManager.h">
      <Filter>Header Files</Filter>
    </ClInclude>
    <ClInclude Include="include\controller.h">
      <Filter>Header Files</Filter>
    </ClInclude>
    <ClInclude Include="include\playerController.h">
      <Filter>Header Files</Filter>
    </ClInclude>
    <ClInclude Include="include\inputTypes.h">
      <Filter>Header Files</Filter>
    </ClInclude>
    <ClInclude Include="include\entityController.h">
      <Filter>Header Files</Filter>
    </ClInclude>
    <ClInclude Include="include\gameObjectTypes.h">
      <Filter>Header Files</Filter>
    </ClInclude>
    <ClInclude Include="include\tank.h">
      <Filter>Header Files</Filter>
    </ClInclude>
    <ClInclude Include="include\replicationManager.h">
      <Filter>Header Files</Filter>
    </ClInclude>
    <ClInclude Include="include\reliableMessagingSystem.h">
      <Filter>Header Files</Filter>
    </ClInclude>
    <ClInclude Include="include\reliableMessageFactory.h">
      <Filter>Header Files</Filter>
    </ClInclude>
    <ClInclude Include="include\reliableMessageFactoryTypes.h">
      <Filter>Header Files</Filter>
    </ClInclude>
    <ClInclude Include="include\level.h">
      <Filter>Header Files</Filter>
    </ClInclude>
    <ClInclude Include="include\wall.h">
      <Filter>Header Files</Filter>
    </ClInclude>
    <ClInclude Include="include\level_basic.h">
      <Filter>Header Files</Filter>
    </ClInclude>
    <ClInclude Include="include\levelFactory.h">
      <Filter>Header Files</Filter>
    </ClInclude>
    <ClInclude Include="include\physicsEngine.h">
      <Filter>Header Files</Filter>
    </ClInclude>
    <ClInclude Include="include\gameTypes.h">
      <Filter>Header Files</Filter>
    </ClInclude>
    <ClInclude Include="include\physicsTypes.h">
      <Filter>Header Files</Filter>
    </ClInclude>
    <ClInclude Include="include\bullet.h">
      <Filter>Header Files</Filter>
    </ClInclude>
    <ClInclude Include="include\spawnPoint.h">
      <Filter>Header Files</Filter>
    </ClInclude>
    <ClInclude Include="include\widget.h">
      <Filter>Header Files</Filter>
    </ClInclude>
    <ClInclude Include="include\widgetTypes.h">
      <Filter>Header Files</Filter>
    </ClInclude>
    <ClInclude Include="include\canvas.h">
      <Filter>Header Files</Filter>
    </ClInclude>
    <ClInclude Include="include\eventSystem.h">
      <Filter>Header Files</Filter>
    </ClInclude>
    <ClInclude Include="include\eventSystemTypes.h">
      <Filter>Header Files</Filter>
    </ClInclude>
    <ClInclude Include="include\eventFactory.h">
      <Filter>Header Files</Filter>
    </ClInclude>
    <ClInclude Include="include\bulletManager.h">
      <Filter>Header Files</Filter>
    </ClInclude>
    <ClInclude Include="include\tankController.h">
      <Filter>Header Files</Filter>
    </ClInclude>
    <ClInclude Include="include\bulletController.h">
      <Filter>Header Files</Filter>
    </ClInclude>
  </ItemGroup>
  <ItemGroup>
    <ClCompile Include="src\application.cpp">
      <Filter>Source Files</Filter>
    </ClCompile>
    <ClCompile Include="src\connection.cpp">
      <Filter>Source Files</Filter>
    </ClCompile>
    <ClCompile Include="src\messages.cpp">
      <Filter>Source Files</Filter>
    </ClCompile>
    <ClCompile Include="src\network.cpp">
      <Filter>Source Files</Filter>
    </ClCompile>
    <ClCompile Include="src\network_layer.cpp">
      <Filter>Source Files</Filter>
    </ClCompile>
    <ClCompile Include="src\protocol.cpp">
      <Filter>Source Files</Filter>
    </ClCompile>
    <ClCompile Include="src\timer.cpp">
      <Filter>Source Files</Filter>
    </ClCompile>
    <ClCompile Include="src\timeManager.cpp">
      <Filter>Source Files</Filter>
    </ClCompile>
    <ClCompile Include="src\game.cpp">
      <Filter>Source Files</Filter>
    </ClCompile>
    <ClCompile Include="src\gameObject.cpp">
      <Filter>Source Files</Filter>
    </ClCompile>
    <ClCompile Include="src\core.cpp">
      <Filter>Source Files</Filter>
    </ClCompile>
    <ClCompile Include="src\entity.cpp">
      <Filter>Source Files</Filter>
    </ClCompile>
    <ClCompile Include="src\inputManager.cpp">
      <Filter>Source Files</Filter>
    </ClCompile>
    <ClCompile Include="src\controller.cpp">
      <Filter>Source Files</Filter>
    </ClCompile>
    <ClCompile Include="src\playerController.cpp">
      <Filter>Source Files</Filter>
    </ClCompile>
    <ClCompile Include="src\entityController.cpp">
      <Filter>Source Files</Filter>
    </ClCompile>
    <ClCompile Include="src\tank.cpp">
      <Filter>Source Files</Filter>
    </ClCompile>
    <ClCompile Include="src\replicationManager.cpp">
      <Filter>Source Files</Filter>
    </ClCompile>
    <ClCompile Include="src\reliableMessagingSystem.cpp">
      <Filter>Source Files</Filter>
    </ClCompile>
    <ClCompile Include="src\inputTypes.cpp">
      <Filter>Source Files</Filter>
    </ClCompile>
    <ClCompile Include="src\reliableMessageFactory.cpp">
      <Filter>Source Files</Filter>
    </ClCompile>
    <ClCompile Include="src\reliableMessageFactoryTypes.cpp">
      <Filter>Source Files</Filter>
    </ClCompile>
    <ClCompile Include="src\level.cpp">
      <Filter>Source Files</Filter>
    </ClCompile>
    <ClCompile Include="src\wall.cpp">
      <Filter>Source Files</Filter>
    </ClCompile>
    <ClCompile Include="src\level_basic.cpp">
      <Filter>Source Files</Filter>
    </ClCompile>
    <ClCompile Include="src\levelFactory.cpp">
      <Filter>Source Files</Filter>
    </ClCompile>
    <ClCompile Include="src\physicsEngine.cpp">
      <Filter>Source Files</Filter>
    </ClCompile>
    <ClCompile Include="src\gameTypes.cpp">
      <Filter>Source Files</Filter>
    </ClCompile>
    <ClCompile Include="src\physicsTypes.cpp">
      <Filter>Source Files</Filter>
    </ClCompile>
    <ClCompile Include="src\bullet.cpp">
      <Filter>Source Files</Filter>
    </ClCompile>
    <ClCompile Include="src\spawnPoint.cpp">
      <Filter>Source Files</Filter>
    </ClCompile>
    <ClCompile Include="src\widget.cpp">
      <Filter>Source Files</Filter>
    </ClCompile>
    <ClCompile Include="src\widgetTypes.cpp">
      <Filter>Source Files</Filter>
    </ClCompile>
    <ClCompile Include="src\canvas.cpp">
      <Filter>Source Files</Filter>
    </ClCompile>
    <ClCompile Include="src\eventSystem.cpp">
      <Filter>Source Files</Filter>
    </ClCompile>
    <ClCompile Include="src\eventSystemTypes.cpp">
      <Filter>Source Files</Filter>
    </ClCompile>
    <ClCompile Include="src\bulletManager.cpp">
      <Filter>Source Files</Filter>
    </ClCompile>
    <ClCompile Include="src\tankController.cpp">
      <Filter>Source Files</Filter>
    </ClCompile>
    <ClCompile Include="src\bulletController.cpp">
      <Filter>Source Files</Filter>
    </ClCompile>
    <ClCompile Include="src\eventFactory.cpp">
      <Filter>Source Files</Filter>
    </ClCompile>
  </ItemGroup>
</Project>